
Microsoft Visual Studio Solution File, Format Version 12.00
# Visual Studio Version 17
VisualStudioVersion = 17.13.35919.96 d17.13
MinimumVisualStudioVersion = 10.0.40219.1
Project("{FAE04EC0-301F-11D3-BF4B-00C04F79EFBC}") = "WriteNippoLocally", "WriteNippoLocally\WriteNippoLocally.csproj", "{718E33A1-2A79-4255-8D25-8B968F502460}"
EndProject
Global
	GlobalSection(SolutionConfigurationPlatforms) = preSolution
		Debug|Any CPU = Debug|Any CPU
		Release|Any CPU = Release|Any CPU
	EndGlobalSection
	GlobalSection(ProjectConfigurationPlatforms) = postSolution
		{718E33A1-2A79-4255-8D25-8B968F502460}.Debug|Any CPU.ActiveCfg = Debug|Any CPU
		{718E33A1-2A79-4255-8D25-8B968F502460}.Debug|Any CPU.Build.0 = Debug|Any CPU
		{718E33A1-2A79-4255-8D25-8B968F502460}.Release|Any CPU.ActiveCfg = Release|Any CPU
		{718E33A1-2A79-4255-8D25-8B968F502460}.Release|Any CPU.Build.0 = Release|Any CPU
	EndGlobalSection
	GlobalSection(SolutionProperties) = preSolution
		HideSolutionNode = FALSE
	EndGlobalSection
	GlobalSection(ExtensibilityGlobals) = postSolution
		SolutionGuid = {54E3D5DC-7B4F-4C62-8483-45919CED406F}
	EndGlobalSection
EndGlobal
